
Microsoft Visual Studio Solution File, Format Version 12.00
# Visual Studio 14
VisualStudioVersion = 14.0.23107.0
MinimumVisualStudioVersion = 10.0.40219.1
Project("{FAE04EC0-301F-11D3-BF4B-00C04F79EFBC}") = "IoTHubAmqp", "IoTHubAmqp\IoTHubAmqp.csproj", "{5EB27691-576F-4044-B32C-92507859DFC9}"
EndProject
Project("{FAE04EC0-301F-11D3-BF4B-00C04F79EFBC}") = "IoTHubAmqp.NetMf", "IoTHubAmqp.NetMf\IoTHubAmqp.NetMf.csproj", "{C2B9117A-5642-4755-A77B-F4E89ADA54F9}"
EndProject
Project("{FAE04EC0-301F-11D3-BF4B-00C04F79EFBC}") = "IoTHubAmqpService", "IoTHubAmqpService\IoTHubAmqpService.csproj", "{F8D58AF1-E562-466F-96D6-DADF0F735841}"
EndProject
Project("{FAE04EC0-301F-11D3-BF4B-00C04F79EFBC}") = "IoTHubAmqpService.UWP", "IoTHubAmqpService.UWP\IoTHubAmqpService.UWP.csproj", "{EA33E578-9F0C-40AD-87B6-9C4CF114AEA5}"
EndProject
Global
	GlobalSection(SolutionConfigurationPlatforms) = preSolution
		Debug|Any CPU = Debug|Any CPU
		Debug|ARM = Debug|ARM
		Debug|x64 = Debug|x64
		Debug|x86 = Debug|x86
		Release|Any CPU = Release|Any CPU
		Release|ARM = Release|ARM
		Release|x64 = Release|x64
		Release|x86 = Release|x86
	EndGlobalSection
	GlobalSection(ProjectConfigurationPlatforms) = postSolution
		{5EB27691-576F-4044-B32C-92507859DFC9}.Debug|Any CPU.ActiveCfg = Debug|Any CPU
		{5EB27691-576F-4044-B32C-92507859DFC9}.Debug|Any CPU.Build.0 = Debug|Any CPU
		{5EB27691-576F-4044-B32C-92507859DFC9}.Debug|ARM.ActiveCfg = Debug|Any CPU
		{5EB27691-576F-4044-B32C-92507859DFC9}.Debug|ARM.Build.0 = Debug|Any CPU
		{5EB27691-576F-4044-B32C-92507859DFC9}.Debug|x64.ActiveCfg = Debug|Any CPU
		{5EB27691-576F-4044-B32C-92507859DFC9}.Debug|x64.Build.0 = Debug|Any CPU
		{5EB27691-576F-4044-B32C-92507859DFC9}.Debug|x86.ActiveCfg = Debug|Any CPU
		{5EB27691-576F-4044-B32C-92507859DFC9}.Debug|x86.Build.0 = Debug|Any CPU
		{5EB27691-576F-4044-B32C-92507859DFC9}.Release|Any CPU.ActiveCfg = Release|Any CPU
		{5EB27691-576F-4044-B32C-92507859DFC9}.Release|Any CPU.Build.0 = Release|Any CPU
		{5EB27691-576F-4044-B32C-92507859DFC9}.Release|ARM.ActiveCfg = Release|Any CPU
		{5EB27691-576F-4044-B32C-92507859DFC9}.Release|ARM.Build.0 = Release|Any CPU
		{5EB27691-576F-4044-B32C-92507859DFC9}.Release|x64.ActiveCfg = Release|Any CPU
		{5EB27691-576F-4044-B32C-92507859DFC9}.Release|x64.Build.0 = Release|Any CPU
		{5EB27691-576F-4044-B32C-92507859DFC9}.Release|x86.ActiveCfg = Release|Any CPU
		{5EB27691-576F-4044-B32C-92507859DFC9}.Release|x86.Build.0 = Release|Any CPU
		{C2B9117A-5642-4755-A77B-F4E89ADA54F9}.Debug|Any CPU.ActiveCfg = Debug|Any CPU
		{C2B9117A-5642-4755-A77B-F4E89ADA54F9}.Debug|Any CPU.Build.0 = Debug|Any CPU
		{C2B9117A-5642-4755-A77B-F4E89ADA54F9}.Debug|Any CPU.Deploy.0 = Debug|Any CPU
		{C2B9117A-5642-4755-A77B-F4E89ADA54F9}.Debug|ARM.ActiveCfg = Debug|Any CPU
		{C2B9117A-5642-4755-A77B-F4E89ADA54F9}.Debug|ARM.Build.0 = Debug|Any CPU
		{C2B9117A-5642-4755-A77B-F4E89ADA54F9}.Debug|ARM.Deploy.0 = Debug|Any CPU
		{C2B9117A-5642-4755-A77B-F4E89ADA54F9}.Debug|x64.ActiveCfg = Debug|Any CPU
		{C2B9117A-5642-4755-A77B-F4E89ADA54F9}.Debug|x64.Build.0 = Debug|Any CPU
		{C2B9117A-5642-4755-A77B-F4E89ADA54F9}.Debug|x64.Deploy.0 = Debug|Any CPU
		{C2B9117A-5642-4755-A77B-F4E89ADA54F9}.Debug|x86.ActiveCfg = Debug|Any CPU
		{C2B9117A-5642-4755-A77B-F4E89ADA54F9}.Debug|x86.Build.0 = Debug|Any CPU
		{C2B9117A-5642-4755-A77B-F4E89ADA54F9}.Debug|x86.Deploy.0 = Debug|Any CPU
		{C2B9117A-5642-4755-A77B-F4E89ADA54F9}.Release|Any CPU.ActiveCfg = Release|Any CPU
		{C2B9117A-5642-4755-A77B-F4E89ADA54F9}.Release|Any CPU.Build.0 = Release|Any CPU
		{C2B9117A-5642-4755-A77B-F4E89ADA54F9}.Release|Any CPU.Deploy.0 = Release|Any CPU
		{C2B9117A-5642-4755-A77B-F4E89ADA54F9}.Release|ARM.ActiveCfg = Release|Any CPU
		{C2B9117A-5642-4755-A77B-F4E89ADA54F9}.Release|ARM.Build.0 = Release|Any CPU
		{C2B9117A-5642-4755-A77B-F4E89ADA54F9}.Release|ARM.Deploy.0 = Release|Any CPU
		{C2B9117A-5642-4755-A77B-F4E89ADA54F9}.Release|x64.ActiveCfg = Release|Any CPU
		{C2B9117A-5642-4755-A77B-F4E89ADA54F9}.Release|x64.Build.0 = Release|Any CPU
		{C2B9117A-5642-4755-A77B-F4E89ADA54F9}.Release|x64.Deploy.0 = Release|Any CPU
		{C2B9117A-5642-4755-A77B-F4E89ADA54F9}.Release|x86.ActiveCfg = Release|Any CPU
		{C2B9117A-5642-4755-A77B-F4E89ADA54F9}.Release|x86.Build.0 = Release|Any CPU
		{C2B9117A-5642-4755-A77B-F4E89ADA54F9}.Release|x86.Deploy.0 = Release|Any CPU
		{F8D58AF1-E562-466F-96D6-DADF0F735841}.Debug|Any CPU.ActiveCfg = Debug|Any CPU
		{F8D58AF1-E562-466F-96D6-DADF0F735841}.Debug|Any CPU.Build.0 = Debug|Any CPU
		{F8D58AF1-E562-466F-96D6-DADF0F735841}.Debug|ARM.ActiveCfg = Debug|Any CPU
		{F8D58AF1-E562-466F-96D6-DADF0F735841}.Debug|ARM.Build.0 = Debug|Any CPU
		{F8D58AF1-E562-466F-96D6-DADF0F735841}.Debug|x64.ActiveCfg = Debug|Any CPU
		{F8D58AF1-E562-466F-96D6-DADF0F735841}.Debug|x64.Build.0 = Debug|Any CPU
		{F8D58AF1-E562-466F-96D6-DADF0F735841}.Debug|x86.ActiveCfg = Debug|Any CPU
		{F8D58AF1-E562-466F-96D6-DADF0F735841}.Debug|x86.Build.0 = Debug|Any CPU
		{F8D58AF1-E562-466F-96D6-DADF0F735841}.Release|Any CPU.ActiveCfg = Release|Any CPU
		{F8D58AF1-E562-466F-96D6-DADF0F735841}.Release|Any CPU.Build.0 = Release|Any CPU
		{F8D58AF1-E562-466F-96D6-DADF0F735841}.Release|ARM.ActiveCfg = Release|Any CPU
		{F8D58AF1-E562-466F-96D6-DADF0F735841}.Release|ARM.Build.0 = Release|Any CPU
		{F8D58AF1-E562-466F-96D6-DADF0F735841}.Release|x64.ActiveCfg = Release|Any CPU
		{F8D58AF1-E562-466F-96D6-DADF0F735841}.Release|x64.Build.0 = Release|Any CPU
		{F8D58AF1-E562-466F-96D6-DADF0F735841}.Release|x86.ActiveCfg = Release|Any CPU
		{F8D58AF1-E562-466F-96D6-DADF0F735841}.Release|x86.Build.0 = Release|Any CPU
		{EA33E578-9F0C-40AD-87B6-9C4CF114AEA5}.Debug|Any CPU.ActiveCfg = Debug|x86
		{EA33E578-9F0C-40AD-87B6-9C4CF114AEA5}.Debug|ARM.ActiveCfg = Debug|ARM
		{EA33E578-9F0C-40AD-87B6-9C4CF114AEA5}.Debug|ARM.Build.0 = Debug|ARM
		{EA33E578-9F0C-40AD-87B6-9C4CF114AEA5}.Debug|ARM.Deploy.0 = Debug|ARM
		{EA33E578-9F0C-40AD-87B6-9C4CF114AEA5}.Debug|x64.ActiveCfg = Debug|x64
		{EA33E578-9F0C-40AD-87B6-9C4CF114AEA5}.Debug|x64.Build.0 = Debug|x64
		{EA33E578-9F0C-40AD-87B6-9C4CF114AEA5}.Debug|x64.Deploy.0 = Debug|x64
		{EA33E578-9F0C-40AD-87B6-9C4CF114AEA5}.Debug|x86.ActiveCfg = Debug|x86
		{EA33E578-9F0C-40AD-87B6-9C4CF114AEA5}.Debug|x86.Build.0 = Debug|x86
		{EA33E578-9F0C-40AD-87B6-9C4CF114AEA5}.Debug|x86.Deploy.0 = Debug|x86
		{EA33E578-9F0C-40AD-87B6-9C4CF114AEA5}.Release|Any CPU.ActiveCfg = Release|x86
		{EA33E578-9F0C-40AD-87B6-9C4CF114AEA5}.Release|ARM.ActiveCfg = Release|ARM
		{EA33E578-9F0C-40AD-87B6-9C4CF114AEA5}.Release|ARM.Build.0 = Release|ARM
		{EA33E578-9F0C-40AD-87B6-9C4CF114AEA5}.Release|ARM.Deploy.0 = Release|ARM
		{EA33E578-9F0C-40AD-87B6-9C4CF114AEA5}.Release|x64.ActiveCfg = Release|x64
		{EA33E578-9F0C-40AD-87B6-9C4CF114AEA5}.Release|x64.Build.0 = Release|x64
		{EA33E578-9F0C-40AD-87B6-9C4CF114AEA5}.Release|x64.Deploy.0 = Release|x64
		{EA33E578-9F0C-40AD-87B6-9C4CF114AEA5}.Release|x86.ActiveCfg = Release|x86
		{EA33E578-9F0C-40AD-87B6-9C4CF114AEA5}.Release|x86.Build.0 = Release|x86
		{EA33E578-9F0C-40AD-87B6-9C4CF114AEA5}.Release|x86.Deploy.0 = Release|x86
	EndGlobalSection
	GlobalSection(SolutionProperties) = preSolution
		HideSolutionNode = FALSE
	EndGlobalSection
EndGlobal
